// !$*UTF8*$!
{
	archiveVersion = 1;
	classes = {
	};
	objectVersion = 56;
	objects = {

/* Begin PBXBuildFile section */
		A5034DD12B54EF3C00C6A7AE /* TravelMagazine.storyboard in Resources */ = {isa = PBXBuildFile; fileRef = A5034DD02B54EF3C00C6A7AE /* TravelMagazine.storyboard */; };
		A5034DD32B54FB3900C6A7AE /* webViewController.swift in Sources */ = {isa = PBXBuildFile; fileRef = A5034DD22B54FB3900C6A7AE /* webViewController.swift */; };
		A5034DFC2B56064A00C6A7AE /* TheaterData.swift in Sources */ = {isa = PBXBuildFile; fileRef = A5034DFA2B56064A00C6A7AE /* TheaterData.swift */; };
		A5034DFD2B56064A00C6A7AE /* MapKitViewController.swift in Sources */ = {isa = PBXBuildFile; fileRef = A5034DFB2B56064A00C6A7AE /* MapKitViewController.swift */; };
		A5034DFF2B56066100C6A7AE /* MapKit.storyboard in Resources */ = {isa = PBXBuildFile; fileRef = A5034DFE2B56066100C6A7AE /* MapKit.storyboard */; };
		A526B1E92B4FD3650067FCDB /* PopularCity.storyboard in Resources */ = {isa = PBXBuildFile; fileRef = A526B1E82B4FD3650067FCDB /* PopularCity.storyboard */; };
		A526B1EB2B4FD4D00067FCDB /* DetailCityInfoViewController.swift in Sources */ = {isa = PBXBuildFile; fileRef = A526B1EA2B4FD4D00067FCDB /* DetailCityInfoViewController.swift */; };
		A526B1ED2B5015940067FCDB /* TravelModel.swift in Sources */ = {isa = PBXBuildFile; fileRef = A526B1EC2B5015930067FCDB /* TravelModel.swift */; };
		A526B1F12B5024D50067FCDB /* DetailCityInfoTableViewCell.swift in Sources */ = {isa = PBXBuildFile; fileRef = A526B1EF2B5024D50067FCDB /* DetailCityInfoTableViewCell.swift */; };
		A526B1F22B5024D50067FCDB /* DetailCityInfoTableViewCell.xib in Resources */ = {isa = PBXBuildFile; fileRef = A526B1F02B5024D50067FCDB /* DetailCityInfoTableViewCell.xib */; };
		A526B1F52B5024E60067FCDB /* ADTableViewCell.swift in Sources */ = {isa = PBXBuildFile; fileRef = A526B1F32B5024E60067FCDB /* ADTableViewCell.swift */; };
		A526B1F62B5024E60067FCDB /* ADTableViewCell.xib in Resources */ = {isa = PBXBuildFile; fileRef = A526B1F42B5024E60067FCDB /* ADTableViewCell.xib */; };
		A526B1F82B5043F10067FCDB /* TravelViewController.swift in Sources */ = {isa = PBXBuildFile; fileRef = A526B1F72B5043F10067FCDB /* TravelViewController.swift */; };
		A526B1FA2B5043FD0067FCDB /* ADViewController.swift in Sources */ = {isa = PBXBuildFile; fileRef = A526B1F92B5043FD0067FCDB /* ADViewController.swift */; };
		A526B1FD2B504B150067FCDB /* Enum.swift in Sources */ = {isa = PBXBuildFile; fileRef = A526B1FC2B504B150067FCDB /* Enum.swift */; };
		A52E1DF62B4D703300CA79D5 /* CityInfo.swift in Sources */ = {isa = PBXBuildFile; fileRef = A52E1DF52B4D703300CA79D5 /* CityInfo.swift */; };
		A52E1DFA2B4D82E000CA79D5 /* MagazineInfo.swift in Sources */ = {isa = PBXBuildFile; fileRef = A52E1DF92B4D82E000CA79D5 /* MagazineInfo.swift */; };
		A52E1DFD2B4D838700CA79D5 /* PopularCity2CollectionViewController.swift in Sources */ = {isa = PBXBuildFile; fileRef = A52E1DFC2B4D838700CA79D5 /* PopularCity2CollectionViewController.swift */; };
		A52E1DFF2B4D83C300CA79D5 /* PopularCity2CollectionViewCell.swift in Sources */ = {isa = PBXBuildFile; fileRef = A52E1DFE2B4D83C300CA79D5 /* PopularCity2CollectionViewCell.swift */; };
		A52E1E012B4D92C900CA79D5 /* StepTwoPopularCityCollectionViewController.swift in Sources */ = {isa = PBXBuildFile; fileRef = A52E1E002B4D92C900CA79D5 /* StepTwoPopularCityCollectionViewController.swift */; };
		A52E1E042B4D92E700CA79D5 /* StepTwoCollectionViewCell.swift in Sources */ = {isa = PBXBuildFile; fileRef = A52E1E022B4D92E700CA79D5 /* StepTwoCollectionViewCell.swift */; };
		A52E1E052B4D92E700CA79D5 /* StepTwoCollectionViewCell.xib in Resources */ = {isa = PBXBuildFile; fileRef = A52E1E032B4D92E700CA79D5 /* StepTwoCollectionViewCell.xib */; };
		A52E1E072B4D96BA00CA79D5 /* PopularCityViewController.swift in Sources */ = {isa = PBXBuildFile; fileRef = A52E1E062B4D96BA00CA79D5 /* PopularCityViewController.swift */; };
		A52E1E0A2B4D9CE000CA79D5 /* PopularCityCollectionViewCell.swift in Sources */ = {isa = PBXBuildFile; fileRef = A52E1E082B4D9CE000CA79D5 /* PopularCityCollectionViewCell.swift */; };
		A52E1E0B2B4D9CE000CA79D5 /* PopularCityCollectionViewCell.xib in Resources */ = {isa = PBXBuildFile; fileRef = A52E1E092B4D9CE000CA79D5 /* PopularCityCollectionViewCell.xib */; };
		A52E1E222B4EBF7200CA79D5 /* UIViewController+Extension.swift in Sources */ = {isa = PBXBuildFile; fileRef = A52E1E212B4EBF7200CA79D5 /* UIViewController+Extension.swift */; };
		A57BAA502B4C46C00007FA1D /* TravelMagazineTableViewController.swift in Sources */ = {isa = PBXBuildFile; fileRef = A57BAA4F2B4C46C00007FA1D /* TravelMagazineTableViewController.swift */; };
		A57BAA522B4C4A860007FA1D /* TravelMagazineTableViewCell.swift in Sources */ = {isa = PBXBuildFile; fileRef = A57BAA512B4C4A860007FA1D /* TravelMagazineTableViewCell.swift */; };
		A57BAA552B4C4E470007FA1D /* Kingfisher in Frameworks */ = {isa = PBXBuildFile; productRef = A57BAA542B4C4E470007FA1D /* Kingfisher */; };
		A596B3DC2B49537700F37489 /* AppDelegate.swift in Sources */ = {isa = PBXBuildFile; fileRef = A596B3DB2B49537700F37489 /* AppDelegate.swift */; };
		A596B3DE2B49537700F37489 /* SceneDelegate.swift in Sources */ = {isa = PBXBuildFile; fileRef = A596B3DD2B49537700F37489 /* SceneDelegate.swift */; };
		A596B3E32B49537700F37489 /* Main.storyboard in Resources */ = {isa = PBXBuildFile; fileRef = A596B3E12B49537700F37489 /* Main.storyboard */; };
		A596B3E52B49537900F37489 /* Assets.xcassets in Resources */ = {isa = PBXBuildFile; fileRef = A596B3E42B49537900F37489 /* Assets.xcassets */; };
		A596B3E82B49537900F37489 /* LaunchScreen.storyboard in Resources */ = {isa = PBXBuildFile; fileRef = A596B3E62B49537900F37489 /* LaunchScreen.storyboard */; };
		A596B3F02B49A5DA00F37489 /* FirstTableViewController.swift in Sources */ = {isa = PBXBuildFile; fileRef = A596B3EF2B49A5DA00F37489 /* FirstTableViewController.swift */; };
		A596B3F22B49A5F100F37489 /* SecondTableViewController.swift in Sources */ = {isa = PBXBuildFile; fileRef = A596B3F12B49A5F100F37489 /* SecondTableViewController.swift */; };
		A596B3F42B49A6C100F37489 /* SecondTableViewCell.swift in Sources */ = {isa = PBXBuildFile; fileRef = A596B3F32B49A6C100F37489 /* SecondTableViewCell.swift */; };
		A596B3F82B49B87100F37489 /* ThirdTableViewController.swift in Sources */ = {isa = PBXBuildFile; fileRef = A596B3F72B49B87100F37489 /* ThirdTableViewController.swift */; };
		A596B3FA2B49B89E00F37489 /* ThirdTableViewCell.swift in Sources */ = {isa = PBXBuildFile; fileRef = A596B3F92B49B89E00F37489 /* ThirdTableViewCell.swift */; };
		A5BD40B12B4ED353006D9B0C /* Protocol.swift in Sources */ = {isa = PBXBuildFile; fileRef = A5BD40B02B4ED353006D9B0C /* Protocol.swift */; };
/* End PBXBuildFile section */

/* Begin PBXFileReference section */
		A5034DD02B54EF3C00C6A7AE /* TravelMagazine.storyboard */ = {isa = PBXFileReference; lastKnownFileType = file.storyboard; path = TravelMagazine.storyboard; sourceTree = "<group>"; };
		A5034DD22B54FB3900C6A7AE /* webViewController.swift */ = {isa = PBXFileReference; lastKnownFileType = sourcecode.swift; path = webViewController.swift; sourceTree = "<group>"; };
		A5034DFA2B56064A00C6A7AE /* TheaterData.swift */ = {isa = PBXFileReference; fileEncoding = 4; lastKnownFileType = sourcecode.swift; path = TheaterData.swift; sourceTree = "<group>"; };
		A5034DFB2B56064A00C6A7AE /* MapKitViewController.swift */ = {isa = PBXFileReference; fileEncoding = 4; lastKnownFileType = sourcecode.swift; path = MapKitViewController.swift; sourceTree = "<group>"; };
		A5034DFE2B56066100C6A7AE /* MapKit.storyboard */ = {isa = PBXFileReference; fileEncoding = 4; lastKnownFileType = file.storyboard; path = MapKit.storyboard; sourceTree = "<group>"; };
		A526B1E82B4FD3650067FCDB /* PopularCity.storyboard */ = {isa = PBXFileReference; lastKnownFileType = file.storyboard; path = PopularCity.storyboard; sourceTree = "<group>"; };
		A526B1EA2B4FD4D00067FCDB /* DetailCityInfoViewController.swift */ = {isa = PBXFileReference; lastKnownFileType = sourcecode.swift; path = DetailCityInfoViewController.swift; sourceTree = "<group>"; };
		A526B1EC2B5015930067FCDB /* TravelModel.swift */ = {isa = PBXFileReference; fileEncoding = 4; lastKnownFileType = sourcecode.swift; path = TravelModel.swift; sourceTree = "<group>"; };
		A526B1EF2B5024D50067FCDB /* DetailCityInfoTableViewCell.swift */ = {isa = PBXFileReference; lastKnownFileType = sourcecode.swift; path = DetailCityInfoTableViewCell.swift; sourceTree = "<group>"; };
		A526B1F02B5024D50067FCDB /* DetailCityInfoTableViewCell.xib */ = {isa = PBXFileReference; lastKnownFileType = file.xib; path = DetailCityInfoTableViewCell.xib; sourceTree = "<group>"; };
		A526B1F32B5024E60067FCDB /* ADTableViewCell.swift */ = {isa = PBXFileReference; lastKnownFileType = sourcecode.swift; path = ADTableViewCell.swift; sourceTree = "<group>"; };
		A526B1F42B5024E60067FCDB /* ADTableViewCell.xib */ = {isa = PBXFileReference; lastKnownFileType = file.xib; path = ADTableViewCell.xib; sourceTree = "<group>"; };
		A526B1F72B5043F10067FCDB /* TravelViewController.swift */ = {isa = PBXFileReference; lastKnownFileType = sourcecode.swift; path = TravelViewController.swift; sourceTree = "<group>"; };
		A526B1F92B5043FD0067FCDB /* ADViewController.swift */ = {isa = PBXFileReference; lastKnownFileType = sourcecode.swift; path = ADViewController.swift; sourceTree = "<group>"; };
		A526B1FC2B504B150067FCDB /* Enum.swift */ = {isa = PBXFileReference; lastKnownFileType = sourcecode.swift; path = Enum.swift; sourceTree = "<group>"; };
		A52E1DF52B4D703300CA79D5 /* CityInfo.swift */ = {isa = PBXFileReference; fileEncoding = 4; lastKnownFileType = sourcecode.swift; path = CityInfo.swift; sourceTree = "<group>"; };
		A52E1DF92B4D82E000CA79D5 /* MagazineInfo.swift */ = {isa = PBXFileReference; fileEncoding = 4; lastKnownFileType = sourcecode.swift; path = MagazineInfo.swift; sourceTree = "<group>"; };
		A52E1DFC2B4D838700CA79D5 /* PopularCity2CollectionViewController.swift */ = {isa = PBXFileReference; lastKnownFileType = sourcecode.swift; path = PopularCity2CollectionViewController.swift; sourceTree = "<group>"; };
		A52E1DFE2B4D83C300CA79D5 /* PopularCity2CollectionViewCell.swift */ = {isa = PBXFileReference; lastKnownFileType = sourcecode.swift; path = PopularCity2CollectionViewCell.swift; sourceTree = "<group>"; };
		A52E1E002B4D92C900CA79D5 /* StepTwoPopularCityCollectionViewController.swift */ = {isa = PBXFileReference; lastKnownFileType = sourcecode.swift; path = StepTwoPopularCityCollectionViewController.swift; sourceTree = "<group>"; };
		A52E1E022B4D92E700CA79D5 /* StepTwoCollectionViewCell.swift */ = {isa = PBXFileReference; lastKnownFileType = sourcecode.swift; path = StepTwoCollectionViewCell.swift; sourceTree = "<group>"; };
		A52E1E032B4D92E700CA79D5 /* StepTwoCollectionViewCell.xib */ = {isa = PBXFileReference; lastKnownFileType = file.xib; path = StepTwoCollectionViewCell.xib; sourceTree = "<group>"; };
		A52E1E062B4D96BA00CA79D5 /* PopularCityViewController.swift */ = {isa = PBXFileReference; lastKnownFileType = sourcecode.swift; path = PopularCityViewController.swift; sourceTree = "<group>"; };
		A52E1E082B4D9CE000CA79D5 /* PopularCityCollectionViewCell.swift */ = {isa = PBXFileReference; lastKnownFileType = sourcecode.swift; path = PopularCityCollectionViewCell.swift; sourceTree = "<group>"; };
		A52E1E092B4D9CE000CA79D5 /* PopularCityCollectionViewCell.xib */ = {isa = PBXFileReference; lastKnownFileType = file.xib; path = PopularCityCollectionViewCell.xib; sourceTree = "<group>"; };
		A52E1E212B4EBF7200CA79D5 /* UIViewController+Extension.swift */ = {isa = PBXFileReference; lastKnownFileType = sourcecode.swift; path = "UIViewController+Extension.swift"; sourceTree = "<group>"; };
		A57BAA4F2B4C46C00007FA1D /* TravelMagazineTableViewController.swift */ = {isa = PBXFileReference; lastKnownFileType = sourcecode.swift; path = TravelMagazineTableViewController.swift; sourceTree = "<group>"; };
		A57BAA512B4C4A860007FA1D /* TravelMagazineTableViewCell.swift */ = {isa = PBXFileReference; lastKnownFileType = sourcecode.swift; path = TravelMagazineTableViewCell.swift; sourceTree = "<group>"; };
		A596B3D82B49537700F37489 /* SeSACTableViewController.app */ = {isa = PBXFileReference; explicitFileType = wrapper.application; includeInIndex = 0; path = SeSACTableViewController.app; sourceTree = BUILT_PRODUCTS_DIR; };
		A596B3DB2B49537700F37489 /* AppDelegate.swift */ = {isa = PBXFileReference; lastKnownFileType = sourcecode.swift; path = AppDelegate.swift; sourceTree = "<group>"; };
		A596B3DD2B49537700F37489 /* SceneDelegate.swift */ = {isa = PBXFileReference; lastKnownFileType = sourcecode.swift; path = SceneDelegate.swift; sourceTree = "<group>"; };
		A596B3E22B49537700F37489 /* Base */ = {isa = PBXFileReference; lastKnownFileType = file.storyboard; name = Base; path = Base.lproj/Main.storyboard; sourceTree = "<group>"; };
		A596B3E42B49537900F37489 /* Assets.xcassets */ = {isa = PBXFileReference; lastKnownFileType = folder.assetcatalog; path = Assets.xcassets; sourceTree = "<group>"; };
		A596B3E72B49537900F37489 /* Base */ = {isa = PBXFileReference; lastKnownFileType = file.storyboard; name = Base; path = Base.lproj/LaunchScreen.storyboard; sourceTree = "<group>"; };
		A596B3E92B49537900F37489 /* Info.plist */ = {isa = PBXFileReference; lastKnownFileType = text.plist.xml; path = Info.plist; sourceTree = "<group>"; };
		A596B3EF2B49A5DA00F37489 /* FirstTableViewController.swift */ = {isa = PBXFileReference; lastKnownFileType = sourcecode.swift; path = FirstTableViewController.swift; sourceTree = "<group>"; };
		A596B3F12B49A5F100F37489 /* SecondTableViewController.swift */ = {isa = PBXFileReference; lastKnownFileType = sourcecode.swift; path = SecondTableViewController.swift; sourceTree = "<group>"; };
		A596B3F32B49A6C100F37489 /* SecondTableViewCell.swift */ = {isa = PBXFileReference; lastKnownFileType = sourcecode.swift; path = SecondTableViewCell.swift; sourceTree = "<group>"; };
		A596B3F72B49B87100F37489 /* ThirdTableViewController.swift */ = {isa = PBXFileReference; lastKnownFileType = sourcecode.swift; path = ThirdTableViewController.swift; sourceTree = "<group>"; };
		A596B3F92B49B89E00F37489 /* ThirdTableViewCell.swift */ = {isa = PBXFileReference; lastKnownFileType = sourcecode.swift; path = ThirdTableViewCell.swift; sourceTree = "<group>"; };
		A5BD40B02B4ED353006D9B0C /* Protocol.swift */ = {isa = PBXFileReference; lastKnownFileType = sourcecode.swift; path = Protocol.swift; sourceTree = "<group>"; };
/* End PBXFileReference section */

/* Begin PBXFrameworksBuildPhase section */
		A596B3D52B49537700F37489 /* Frameworks */ = {
			isa = PBXFrameworksBuildPhase;
			buildActionMask = 2147483647;
			files = (
				A57BAA552B4C4E470007FA1D /* Kingfisher in Frameworks */,
			);
			runOnlyForDeploymentPostprocessing = 0;
		};
/* End PBXFrameworksBuildPhase section */

/* Begin PBXGroup section */
		A5034DCF2B54EDB800C6A7AE /* TravelMagazine */ = {
			isa = PBXGroup;
			children = (
				A5034DD02B54EF3C00C6A7AE /* TravelMagazine.storyboard */,
				A57BAA4F2B4C46C00007FA1D /* TravelMagazineTableViewController.swift */,
				A5034DD22B54FB3900C6A7AE /* webViewController.swift */,
			);
			path = TravelMagazine;
			sourceTree = "<group>";
		};
		A5034DD42B54FE9700C6A7AE /* PopularCity */ = {
			isa = PBXGroup;
			children = (
				A526B1E82B4FD3650067FCDB /* PopularCity.storyboard */,
				A52E1E062B4D96BA00CA79D5 /* PopularCityViewController.swift */,
				A526B1EA2B4FD4D00067FCDB /* DetailCityInfoViewController.swift */,
				A526B1F72B5043F10067FCDB /* TravelViewController.swift */,
				A526B1F92B5043FD0067FCDB /* ADViewController.swift */,
			);
			path = PopularCity;
			sourceTree = "<group>";
		};
		A5034DF92B56062600C6A7AE /* MapKit */ = {
			isa = PBXGroup;
			children = (
				A5034DFA2B56064A00C6A7AE /* TheaterData.swift */,
				A5034DFB2B56064A00C6A7AE /* MapKitViewController.swift */,
				A5034DFE2B56066100C6A7AE /* MapKit.storyboard */,
			);
			path = MapKit;
			sourceTree = "<group>";
		};
		A526B1E72B4FCE720067FCDB /* 과제 연습용 */ = {
			isa = PBXGroup;
			children = (
				A596B3E12B49537700F37489 /* Main.storyboard */,
				A596B3EF2B49A5DA00F37489 /* FirstTableViewController.swift */,
				A596B3F12B49A5F100F37489 /* SecondTableViewController.swift */,
				A596B3F32B49A6C100F37489 /* SecondTableViewCell.swift */,
				A596B3F72B49B87100F37489 /* ThirdTableViewController.swift */,
				A596B3F92B49B89E00F37489 /* ThirdTableViewCell.swift */,
				A52E1DFC2B4D838700CA79D5 /* PopularCity2CollectionViewController.swift */,
				A52E1DFE2B4D83C300CA79D5 /* PopularCity2CollectionViewCell.swift */,
				A52E1E002B4D92C900CA79D5 /* StepTwoPopularCityCollectionViewController.swift */,
				A52E1E022B4D92E700CA79D5 /* StepTwoCollectionViewCell.swift */,
				A52E1E032B4D92E700CA79D5 /* StepTwoCollectionViewCell.xib */,
			);
			name = "과제 연습용";
			path = "과제용";
			sourceTree = "<group>";
		};
		A526B1EE2B50159B0067FCDB /* Info */ = {
			isa = PBXGroup;
			children = (
				A52E1DF92B4D82E000CA79D5 /* MagazineInfo.swift */,
				A52E1DF52B4D703300CA79D5 /* CityInfo.swift */,
				A526B1EC2B5015930067FCDB /* TravelModel.swift */,
			);
			path = Info;
			sourceTree = "<group>";
		};
		A526B1FB2B504AFF0067FCDB /* Enum */ = {
			isa = PBXGroup;
			children = (
				A526B1FC2B504B150067FCDB /* Enum.swift */,
			);
			path = Enum;
			sourceTree = "<group>";
		};
		A52E1DFB2B4D836700CA79D5 /* Cell */ = {
			isa = PBXGroup;
			children = (
				A57BAA512B4C4A860007FA1D /* TravelMagazineTableViewCell.swift */,
				A52E1E082B4D9CE000CA79D5 /* PopularCityCollectionViewCell.swift */,
				A52E1E092B4D9CE000CA79D5 /* PopularCityCollectionViewCell.xib */,
				A526B1EF2B5024D50067FCDB /* DetailCityInfoTableViewCell.swift */,
				A526B1F02B5024D50067FCDB /* DetailCityInfoTableViewCell.xib */,
				A526B1F32B5024E60067FCDB /* ADTableViewCell.swift */,
				A526B1F42B5024E60067FCDB /* ADTableViewCell.xib */,
			);
			path = Cell;
			sourceTree = "<group>";
		};
		A52E1E202B4EBF3F00CA79D5 /* Extension */ = {
			isa = PBXGroup;
			children = (
				A52E1E212B4EBF7200CA79D5 /* UIViewController+Extension.swift */,
			);
			path = Extension;
			sourceTree = "<group>";
		};
		A596B3CF2B49537700F37489 = {
			isa = PBXGroup;
			children = (
				A596B3DA2B49537700F37489 /* SeSACTableViewController */,
				A596B3D92B49537700F37489 /* Products */,
			);
			sourceTree = "<group>";
		};
		A596B3D92B49537700F37489 /* Products */ = {
			isa = PBXGroup;
			children = (
				A596B3D82B49537700F37489 /* SeSACTableViewController.app */,
			);
			name = Products;
			sourceTree = "<group>";
		};
		A596B3DA2B49537700F37489 /* SeSACTableViewController */ = {
			isa = PBXGroup;
			children = (
				A526B1E72B4FCE720067FCDB /* 과제 연습용 */,
				A526B1EE2B50159B0067FCDB /* Info */,
				A5BD40AF2B4ED2F4006D9B0C /* Protocol */,
				A52E1E202B4EBF3F00CA79D5 /* Extension */,
				A526B1FB2B504AFF0067FCDB /* Enum */,
				A52E1DFB2B4D836700CA79D5 /* Cell */,
				A5034DCF2B54EDB800C6A7AE /* TravelMagazine */,
				A5034DD42B54FE9700C6A7AE /* PopularCity */,
				A5034DF92B56062600C6A7AE /* MapKit */,
				A596B3DB2B49537700F37489 /* AppDelegate.swift */,
				A596B3DD2B49537700F37489 /* SceneDelegate.swift */,
				A596B3E42B49537900F37489 /* Assets.xcassets */,
				A596B3E62B49537900F37489 /* LaunchScreen.storyboard */,
				A596B3E92B49537900F37489 /* Info.plist */,
			);
			path = SeSACTableViewController;
			sourceTree = "<group>";
		};
		A5BD40AF2B4ED2F4006D9B0C /* Protocol */ = {
			isa = PBXGroup;
			children = (
				A5BD40B02B4ED353006D9B0C /* Protocol.swift */,
			);
			path = Protocol;
			sourceTree = "<group>";
		};
/* End PBXGroup section */

/* Begin PBXNativeTarget section */
		A596B3D72B49537700F37489 /* SeSACTableViewController */ = {
			isa = PBXNativeTarget;
			buildConfigurationList = A596B3EC2B49537900F37489 /* Build configuration list for PBXNativeTarget "SeSACTableViewController" */;
			buildPhases = (
				A596B3D42B49537700F37489 /* Sources */,
				A596B3D52B49537700F37489 /* Frameworks */,
				A596B3D62B49537700F37489 /* Resources */,
			);
			buildRules = (
			);
			dependencies = (
			);
			name = SeSACTableViewController;
			packageProductDependencies = (
				A57BAA542B4C4E470007FA1D /* Kingfisher */,
			);
			productName = SeSACTableViewController;
			productReference = A596B3D82B49537700F37489 /* SeSACTableViewController.app */;
			productType = "com.apple.product-type.application";
		};
/* End PBXNativeTarget section */

/* Begin PBXProject section */
		A596B3D02B49537700F37489 /* Project object */ = {
			isa = PBXProject;
			attributes = {
				BuildIndependentTargetsInParallel = 1;
				LastSwiftUpdateCheck = 1510;
				LastUpgradeCheck = 1510;
				TargetAttributes = {
					A596B3D72B49537700F37489 = {
						CreatedOnToolsVersion = 15.1;
					};
				};
			};
			buildConfigurationList = A596B3D32B49537700F37489 /* Build configuration list for PBXProject "SeSACTableViewController" */;
			compatibilityVersion = "Xcode 14.0";
			developmentRegion = en;
			hasScannedForEncodings = 0;
			knownRegions = (
				en,
				Base,
			);
			mainGroup = A596B3CF2B49537700F37489;
			packageReferences = (
				A57BAA532B4C4E470007FA1D /* XCRemoteSwiftPackageReference "Kingfisher" */,
			);
			productRefGroup = A596B3D92B49537700F37489 /* Products */;
			projectDirPath = "";
			projectRoot = "";
			targets = (
				A596B3D72B49537700F37489 /* SeSACTableViewController */,
			);
		};
/* End PBXProject section */

/* Begin PBXResourcesBuildPhase section */
		A596B3D62B49537700F37489 /* Resources */ = {
			isa = PBXResourcesBuildPhase;
			buildActionMask = 2147483647;
			files = (
				A5034DFF2B56066100C6A7AE /* MapKit.storyboard in Resources */,
				A52E1E0B2B4D9CE000CA79D5 /* PopularCityCollectionViewCell.xib in Resources */,
				A526B1F22B5024D50067FCDB /* DetailCityInfoTableViewCell.xib in Resources */,
				A526B1E92B4FD3650067FCDB /* PopularCity.storyboard in Resources */,
				A596B3E82B49537900F37489 /* LaunchScreen.storyboard in Resources */,
				A526B1F62B5024E60067FCDB /* ADTableViewCell.xib in Resources */,
				A596B3E52B49537900F37489 /* Assets.xcassets in Resources */,
				A596B3E32B49537700F37489 /* Main.storyboard in Resources */,
				A52E1E052B4D92E700CA79D5 /* StepTwoCollectionViewCell.xib in Resources */,
				A5034DD12B54EF3C00C6A7AE /* TravelMagazine.storyboard in Resources */,
			);
			runOnlyForDeploymentPostprocessing = 0;
		};
/* End PBXResourcesBuildPhase section */

/* Begin PBXSourcesBuildPhase section */
		A596B3D42B49537700F37489 /* Sources */ = {
			isa = PBXSourcesBuildPhase;
			buildActionMask = 2147483647;
			files = (
				A526B1ED2B5015940067FCDB /* TravelModel.swift in Sources */,
				A526B1EB2B4FD4D00067FCDB /* DetailCityInfoViewController.swift in Sources */,
				A52E1E072B4D96BA00CA79D5 /* PopularCityViewController.swift in Sources */,
				A596B3F02B49A5DA00F37489 /* FirstTableViewController.swift in Sources */,
				A57BAA522B4C4A860007FA1D /* TravelMagazineTableViewCell.swift in Sources */,
				A596B3FA2B49B89E00F37489 /* ThirdTableViewCell.swift in Sources */,
				A52E1E012B4D92C900CA79D5 /* StepTwoPopularCityCollectionViewController.swift in Sources */,
				A52E1DFD2B4D838700CA79D5 /* PopularCity2CollectionViewController.swift in Sources */,
				A526B1F52B5024E60067FCDB /* ADTableViewCell.swift in Sources */,
				A57BAA502B4C46C00007FA1D /* TravelMagazineTableViewController.swift in Sources */,
				A526B1F12B5024D50067FCDB /* DetailCityInfoTableViewCell.swift in Sources */,
				A5034DFC2B56064A00C6A7AE /* TheaterData.swift in Sources */,
				A596B3F82B49B87100F37489 /* ThirdTableViewController.swift in Sources */,
				A52E1E222B4EBF7200CA79D5 /* UIViewController+Extension.swift in Sources */,
				A52E1E042B4D92E700CA79D5 /* StepTwoCollectionViewCell.swift in Sources */,
				A52E1DFA2B4D82E000CA79D5 /* MagazineInfo.swift in Sources */,
				A5BD40B12B4ED353006D9B0C /* Protocol.swift in Sources */,
				A526B1FA2B5043FD0067FCDB /* ADViewController.swift in Sources */,
				A596B3F22B49A5F100F37489 /* SecondTableViewController.swift in Sources */,
				A596B3DC2B49537700F37489 /* AppDelegate.swift in Sources */,
				A5034DFD2B56064A00C6A7AE /* MapKitViewController.swift in Sources */,
				A526B1F82B5043F10067FCDB /* TravelViewController.swift in Sources */,
				A526B1FD2B504B150067FCDB /* Enum.swift in Sources */,
				A596B3DE2B49537700F37489 /* SceneDelegate.swift in Sources */,
				A52E1DF62B4D703300CA79D5 /* CityInfo.swift in Sources */,
				A5034DD32B54FB3900C6A7AE /* webViewController.swift in Sources */,
				A596B3F42B49A6C100F37489 /* SecondTableViewCell.swift in Sources */,
				A52E1DFF2B4D83C300CA79D5 /* PopularCity2CollectionViewCell.swift in Sources */,
				A52E1E0A2B4D9CE000CA79D5 /* PopularCityCollectionViewCell.swift in Sources */,
			);
			runOnlyForDeploymentPostprocessing = 0;
		};
/* End PBXSourcesBuildPhase section */

/* Begin PBXVariantGroup section */
		A596B3E12B49537700F37489 /* Main.storyboard */ = {
			isa = PBXVariantGroup;
			children = (
				A596B3E22B49537700F37489 /* Base */,
			);
			name = Main.storyboard;
			sourceTree = "<group>";
		};
		A596B3E62B49537900F37489 /* LaunchScreen.storyboard */ = {
			isa = PBXVariantGroup;
			children = (
				A596B3E72B49537900F37489 /* Base */,
			);
			name = LaunchScreen.storyboard;
			sourceTree = "<group>";
		};
/* End PBXVariantGroup section */

/* Begin XCBuildConfiguration section */
		A596B3EA2B49537900F37489 /* Debug */ = {
			isa = XCBuildConfiguration;
			buildSettings = {
				ALWAYS_SEARCH_USER_PATHS = NO;
				ASSETCATALOG_COMPILER_GENERATE_SWIFT_ASSET_SYMBOL_EXTENSIONS = YES;
				CLANG_ANALYZER_NONNULL = YES;
				CLANG_ANALYZER_NUMBER_OBJECT_CONVERSION = YES_AGGRESSIVE;
				CLANG_CXX_LANGUAGE_STANDARD = "gnu++20";
				CLANG_ENABLE_MODULES = YES;
				CLANG_ENABLE_OBJC_ARC = YES;
				CLANG_ENABLE_OBJC_WEAK = YES;
				CLANG_WARN_BLOCK_CAPTURE_AUTORELEASING = YES;
				CLANG_WARN_BOOL_CONVERSION = YES;
				CLANG_WARN_COMMA = YES;
				CLANG_WARN_CONSTANT_CONVERSION = YES;
				CLANG_WARN_DEPRECATED_OBJC_IMPLEMENTATIONS = YES;
				CLANG_WARN_DIRECT_OBJC_ISA_USAGE = YES_ERROR;
				CLANG_WARN_DOCUMENTATION_COMMENTS = YES;
				CLANG_WARN_EMPTY_BODY = YES;
				CLANG_WARN_ENUM_CONVERSION = YES;
				CLANG_WARN_INFINITE_RECURSION = YES;
				CLANG_WARN_INT_CONVERSION = YES;
				CLANG_WARN_NON_LITERAL_NULL_CONVERSION = YES;
				CLANG_WARN_OBJC_IMPLICIT_RETAIN_SELF = YES;
				CLANG_WARN_OBJC_LITERAL_CONVERSION = YES;
				CLANG_WARN_OBJC_ROOT_CLASS = YES_ERROR;
				CLANG_WARN_QUOTED_INCLUDE_IN_FRAMEWORK_HEADER = YES;
				CLANG_WARN_RANGE_LOOP_ANALYSIS = YES;
				CLANG_WARN_STRICT_PROTOTYPES = YES;
				CLANG_WARN_SUSPICIOUS_MOVE = YES;
				CLANG_WARN_UNGUARDED_AVAILABILITY = YES_AGGRESSIVE;
				CLANG_WARN_UNREACHABLE_CODE = YES;
				CLANG_WARN__DUPLICATE_METHOD_MATCH = YES;
				COPY_PHASE_STRIP = NO;
				DEBUG_INFORMATION_FORMAT = dwarf;
				ENABLE_STRICT_OBJC_MSGSEND = YES;
				ENABLE_TESTABILITY = YES;
				ENABLE_USER_SCRIPT_SANDBOXING = YES;
				GCC_C_LANGUAGE_STANDARD = gnu17;
				GCC_DYNAMIC_NO_PIC = NO;
				GCC_NO_COMMON_BLOCKS = YES;
				GCC_OPTIMIZATION_LEVEL = 0;
				GCC_PREPROCESSOR_DEFINITIONS = (
					"DEBUG=1",
					"$(inherited)",
				);
				GCC_WARN_64_TO_32_BIT_CONVERSION = YES;
				GCC_WARN_ABOUT_RETURN_TYPE = YES_ERROR;
				GCC_WARN_UNDECLARED_SELECTOR = YES;
				GCC_WARN_UNINITIALIZED_AUTOS = YES_AGGRESSIVE;
				GCC_WARN_UNUSED_FUNCTION = YES;
				GCC_WARN_UNUSED_VARIABLE = YES;
				IPHONEOS_DEPLOYMENT_TARGET = 17.2;
				LOCALIZATION_PREFERS_STRING_CATALOGS = YES;
				MTL_ENABLE_DEBUG_INFO = INCLUDE_SOURCE;
				MTL_FAST_MATH = YES;
				ONLY_ACTIVE_ARCH = YES;
				SDKROOT = iphoneos;
				SWIFT_ACTIVE_COMPILATION_CONDITIONS = "DEBUG $(inherited)";
				SWIFT_OPTIMIZATION_LEVEL = "-Onone";
			};
			name = Debug;
		};
		A596B3EB2B49537900F37489 /* Release */ = {
			isa = XCBuildConfiguration;
			buildSettings = {
				ALWAYS_SEARCH_USER_PATHS = NO;
				ASSETCATALOG_COMPILER_GENERATE_SWIFT_ASSET_SYMBOL_EXTENSIONS = YES;
				CLANG_ANALYZER_NONNULL = YES;
				CLANG_ANALYZER_NUMBER_OBJECT_CONVERSION = YES_AGGRESSIVE;
				CLANG_CXX_LANGUAGE_STANDARD = "gnu++20";
				CLANG_ENABLE_MODULES = YES;
				CLANG_ENABLE_OBJC_ARC = YES;
				CLANG_ENABLE_OBJC_WEAK = YES;
				CLANG_WARN_BLOCK_CAPTURE_AUTORELEASING = YES;
				CLANG_WARN_BOOL_CONVERSION = YES;
				CLANG_WARN_COMMA = YES;
				CLANG_WARN_CONSTANT_CONVERSION = YES;
				CLANG_WARN_DEPRECATED_OBJC_IMPLEMENTATIONS = YES;
				CLANG_WARN_DIRECT_OBJC_ISA_USAGE = YES_ERROR;
				CLANG_WARN_DOCUMENTATION_COMMENTS = YES;
				CLANG_WARN_EMPTY_BODY = YES;
				CLANG_WARN_ENUM_CONVERSION = YES;
				CLANG_WARN_INFINITE_RECURSION = YES;
				CLANG_WARN_INT_CONVERSION = YES;
				CLANG_WARN_NON_LITERAL_NULL_CONVERSION = YES;
				CLANG_WARN_OBJC_IMPLICIT_RETAIN_SELF = YES;
				CLANG_WARN_OBJC_LITERAL_CONVERSION = YES;
				CLANG_WARN_OBJC_ROOT_CLASS = YES_ERROR;
				CLANG_WARN_QUOTED_INCLUDE_IN_FRAMEWORK_HEADER = YES;
				CLANG_WARN_RANGE_LOOP_ANALYSIS = YES;
				CLANG_WARN_STRICT_PROTOTYPES = YES;
				CLANG_WARN_SUSPICIOUS_MOVE = YES;
				CLANG_WARN_UNGUARDED_AVAILABILITY = YES_AGGRESSIVE;
				CLANG_WARN_UNREACHABLE_CODE = YES;
				CLANG_WARN__DUPLICATE_METHOD_MATCH = YES;
				COPY_PHASE_STRIP = NO;
				DEBUG_INFORMATION_FORMAT = "dwarf-with-dsym";
				ENABLE_NS_ASSERTIONS = NO;
				ENABLE_STRICT_OBJC_MSGSEND = YES;
				ENABLE_USER_SCRIPT_SANDBOXING = YES;
				GCC_C_LANGUAGE_STANDARD = gnu17;
				GCC_NO_COMMON_BLOCKS = YES;
				GCC_WARN_64_TO_32_BIT_CONVERSION = YES;
				GCC_WARN_ABOUT_RETURN_TYPE = YES_ERROR;
				GCC_WARN_UNDECLARED_SELECTOR = YES;
				GCC_WARN_UNINITIALIZED_AUTOS = YES_AGGRESSIVE;
				GCC_WARN_UNUSED_FUNCTION = YES;
				GCC_WARN_UNUSED_VARIABLE = YES;
				IPHONEOS_DEPLOYMENT_TARGET = 17.2;
				LOCALIZATION_PREFERS_STRING_CATALOGS = YES;
				MTL_ENABLE_DEBUG_INFO = NO;
				MTL_FAST_MATH = YES;
				SDKROOT = iphoneos;
				SWIFT_COMPILATION_MODE = wholemodule;
				VALIDATE_PRODUCT = YES;
			};
			name = Release;
		};
		A596B3ED2B49537900F37489 /* Debug */ = {
			isa = XCBuildConfiguration;
			buildSettings = {
				ASSETCATALOG_COMPILER_APPICON_NAME = AppIcon;
				ASSETCATALOG_COMPILER_GLOBAL_ACCENT_COLOR_NAME = AccentColor;
				CODE_SIGN_STYLE = Automatic;
				CURRENT_PROJECT_VERSION = 1;
				DEVELOPMENT_TEAM = VRPU7TR7JK;
				GENERATE_INFOPLIST_FILE = YES;
				INFOPLIST_FILE = SeSACTableViewController/Info.plist;
				INFOPLIST_KEY_UIApplicationSupportsIndirectInputEvents = YES;
				INFOPLIST_KEY_UILaunchStoryboardName = LaunchScreen;
				INFOPLIST_KEY_UIMainStoryboardFile = Main;
				INFOPLIST_KEY_UISupportedInterfaceOrientations = UIInterfaceOrientationPortrait;
				INFOPLIST_KEY_UISupportedInterfaceOrientations_iPad = "UIInterfaceOrientationLandscapeLeft UIInterfaceOrientationLandscapeRight UIInterfaceOrientationPortrait UIInterfaceOrientationPortraitUpsideDown";
				IPHONEOS_DEPLOYMENT_TARGET = 17.0;
				LD_RUNPATH_SEARCH_PATHS = (
					"$(inherited)",
					"@executable_path/Frameworks",
				);
				MARKETING_VERSION = 1.0;
				PRODUCT_BUNDLE_IDENTIFIER = com.ungQ.SeSACTableViewController;
				PRODUCT_NAME = "$(TARGET_NAME)";
				SUPPORTED_PLATFORMS = "iphoneos iphonesimulator";
				SUPPORTS_MACCATALYST = NO;
				SUPPORTS_MAC_DESIGNED_FOR_IPHONE_IPAD = NO;
				SWIFT_EMIT_LOC_STRINGS = YES;
				SWIFT_VERSION = 5.0;
				TARGETED_DEVICE_FAMILY = 1;
			};
			name = Debug;
		};
		A596B3EE2B49537900F37489 /* Release */ = {
			isa = XCBuildConfiguration;
			buildSettings = {
				ASSETCATALOG_COMPILER_APPICON_NAME = AppIcon;
				ASSETCATALOG_COMPILER_GLOBAL_ACCENT_COLOR_NAME = AccentColor;
				CODE_SIGN_STYLE = Automatic;
				CURRENT_PROJECT_VERSION = 1;
				DEVELOPMENT_TEAM = VRPU7TR7JK;
				GENERATE_INFOPLIST_FILE = YES;
				INFOPLIST_FILE = SeSACTableViewController/Info.plist;
				INFOPLIST_KEY_UIApplicationSupportsIndirectInputEvents = YES;
				INFOPLIST_KEY_UILaunchStoryboardName = LaunchScreen;
				INFOPLIST_KEY_UIMainStoryboardFile = Main;
				INFOPLIST_KEY_UISupportedInterfaceOrientations = UIInterfaceOrientationPortrait;
				INFOPLIST_KEY_UISupportedInterfaceOrientations_iPad = "UIInterfaceOrientationLandscapeLeft UIInterfaceOrientationLandscapeRight UIInterfaceOrientationPortrait UIInterfaceOrientationPortraitUpsideDown";
				IPHONEOS_DEPLOYMENT_TARGET = 17.0;
				LD_RUNPATH_SEARCH_PATHS = (
					"$(inherited)",
					"@executable_path/Frameworks",
				);
				MARKETING_VERSION = 1.0;
				PRODUCT_BUNDLE_IDENTIFIER = com.ungQ.SeSACTableViewController;
				PRODUCT_NAME = "$(TARGET_NAME)";
				SUPPORTED_PLATFORMS = "iphoneos iphonesimulator";
				SUPPORTS_MACCATALYST = NO;
				SUPPORTS_MAC_DESIGNED_FOR_IPHONE_IPAD = NO;
				SWIFT_EMIT_LOC_STRINGS = YES;
				SWIFT_VERSION = 5.0;
				TARGETED_DEVICE_FAMILY = 1;
			};
			name = Release;
		};
/* End XCBuildConfiguration section */

/* Begin XCConfigurationList section */
		A596B3D32B49537700F37489 /* Build configuration list for PBXProject "SeSACTableViewController" */ = {
			isa = XCConfigurationList;
			buildConfigurations = (
				A596B3EA2B49537900F37489 /* Debug */,
				A596B3EB2B49537900F37489 /* Release */,
			);
			defaultConfigurationIsVisible = 0;
			defaultConfigurationName = Release;
		};
		A596B3EC2B49537900F37489 /* Build configuration list for PBXNativeTarget "SeSACTableViewController" */ = {
			isa = XCConfigurationList;
			buildConfigurations = (
				A596B3ED2B49537900F37489 /* Debug */,
				A596B3EE2B49537900F37489 /* Release */,
			);
			defaultConfigurationIsVisible = 0;
			defaultConfigurationName = Release;
		};
/* End XCConfigurationList section */

/* Begin XCRemoteSwiftPackageReference section */
		A57BAA532B4C4E470007FA1D /* XCRemoteSwiftPackageReference "Kingfisher" */ = {
			isa = XCRemoteSwiftPackageReference;
			repositoryURL = "https://github.com/onevcat/Kingfisher.git";
			requirement = {
				kind = upToNextMajorVersion;
				minimumVersion = 7.10.1;
			};
		};
/* End XCRemoteSwiftPackageReference section */

/* Begin XCSwiftPackageProductDependency section */
		A57BAA542B4C4E470007FA1D /* Kingfisher */ = {
			isa = XCSwiftPackageProductDependency;
			package = A57BAA532B4C4E470007FA1D /* XCRemoteSwiftPackageReference "Kingfisher" */;
			productName = Kingfisher;
		};
/* End XCSwiftPackageProductDependency section */
	};
	rootObject = A596B3D02B49537700F37489 /* Project object */;
}
