// !$*UTF8*$!
{
	archiveVersion = 1;
	classes = {
	};
	objectVersion = 56;
	objects = {

/* Begin PBXBuildFile section */
		A57BAA502B4C46C00007FA1D /* TravelMagazineTableViewController.swift in Sources */ = {isa = PBXBuildFile; fileRef = A57BAA4F2B4C46C00007FA1D /* TravelMagazineTableViewController.swift */; };
		A57BAA522B4C4A860007FA1D /* TravelMagazineTableViewCell.swift in Sources */ = {isa = PBXBuildFile; fileRef = A57BAA512B4C4A860007FA1D /* TravelMagazineTableViewCell.swift */; };
		A57BAA552B4C4E470007FA1D /* Kingfisher in Frameworks */ = {isa = PBXBuildFile; productRef = A57BAA542B4C4E470007FA1D /* Kingfisher */; };
		A596B3DC2B49537700F37489 /* AppDelegate.swift in Sources */ = {isa = PBXBuildFile; fileRef = A596B3DB2B49537700F37489 /* AppDelegate.swift */; };
		A596B3DE2B49537700F37489 /* SceneDelegate.swift in Sources */ = {isa = PBXBuildFile; fileRef = A596B3DD2B49537700F37489 /* SceneDelegate.swift */; };
		A596B3E02B49537700F37489 /* ViewController.swift in Sources */ = {isa = PBXBuildFile; fileRef = A596B3DF2B49537700F37489 /* ViewController.swift */; };
		A596B3E32B49537700F37489 /* Main.storyboard in Resources */ = {isa = PBXBuildFile; fileRef = A596B3E12B49537700F37489 /* Main.storyboard */; };
		A596B3E52B49537900F37489 /* Assets.xcassets in Resources */ = {isa = PBXBuildFile; fileRef = A596B3E42B49537900F37489 /* Assets.xcassets */; };
		A596B3E82B49537900F37489 /* LaunchScreen.storyboard in Resources */ = {isa = PBXBuildFile; fileRef = A596B3E62B49537900F37489 /* LaunchScreen.storyboard */; };
		A596B3F02B49A5DA00F37489 /* FirstTableViewController.swift in Sources */ = {isa = PBXBuildFile; fileRef = A596B3EF2B49A5DA00F37489 /* FirstTableViewController.swift */; };
		A596B3F22B49A5F100F37489 /* SecondTableViewController.swift in Sources */ = {isa = PBXBuildFile; fileRef = A596B3F12B49A5F100F37489 /* SecondTableViewController.swift */; };
		A596B3F42B49A6C100F37489 /* SecondTableViewCell.swift in Sources */ = {isa = PBXBuildFile; fileRef = A596B3F32B49A6C100F37489 /* SecondTableViewCell.swift */; };
		A596B3F82B49B87100F37489 /* ThirdTableViewController.swift in Sources */ = {isa = PBXBuildFile; fileRef = A596B3F72B49B87100F37489 /* ThirdTableViewController.swift */; };
		A596B3FA2B49B89E00F37489 /* ThirdTableViewCell.swift in Sources */ = {isa = PBXBuildFile; fileRef = A596B3F92B49B89E00F37489 /* ThirdTableViewCell.swift */; };
/* End PBXBuildFile section */

/* Begin PBXFileReference section */
		A57BAA4F2B4C46C00007FA1D /* TravelMagazineTableViewController.swift */ = {isa = PBXFileReference; lastKnownFileType = sourcecode.swift; path = TravelMagazineTableViewController.swift; sourceTree = "<group>"; };
		A57BAA512B4C4A860007FA1D /* TravelMagazineTableViewCell.swift */ = {isa = PBXFileReference; lastKnownFileType = sourcecode.swift; path = TravelMagazineTableViewCell.swift; sourceTree = "<group>"; };
		A596B3D82B49537700F37489 /* SeSACTableViewController.app */ = {isa = PBXFileReference; explicitFileType = wrapper.application; includeInIndex = 0; path = SeSACTableViewController.app; sourceTree = BUILT_PRODUCTS_DIR; };
		A596B3DB2B49537700F37489 /* AppDelegate.swift */ = {isa = PBXFileReference; lastKnownFileType = sourcecode.swift; path = AppDelegate.swift; sourceTree = "<group>"; };
		A596B3DD2B49537700F37489 /* SceneDelegate.swift */ = {isa = PBXFileReference; lastKnownFileType = sourcecode.swift; path = SceneDelegate.swift; sourceTree = "<group>"; };
		A596B3DF2B49537700F37489 /* ViewController.swift */ = {isa = PBXFileReference; lastKnownFileType = sourcecode.swift; path = ViewController.swift; sourceTree = "<group>"; };
		A596B3E22B49537700F37489 /* Base */ = {isa = PBXFileReference; lastKnownFileType = file.storyboard; name = Base; path = Base.lproj/Main.storyboard; sourceTree = "<group>"; };
		A596B3E42B49537900F37489 /* Assets.xcassets */ = {isa = PBXFileReference; lastKnownFileType = folder.assetcatalog; path = Assets.xcassets; sourceTree = "<group>"; };
		A596B3E72B49537900F37489 /* Base */ = {isa = PBXFileReference; lastKnownFileType = file.storyboard; name = Base; path = Base.lproj/LaunchScreen.storyboard; sourceTree = "<group>"; };
		A596B3E92B49537900F37489 /* Info.plist */ = {isa = PBXFileReference; lastKnownFileType = text.plist.xml; path = Info.plist; sourceTree = "<group>"; };
		A596B3EF2B49A5DA00F37489 /* FirstTableViewController.swift */ = {isa = PBXFileReference; lastKnownFileType = sourcecode.swift; path = FirstTableViewController.swift; sourceTree = "<group>"; };
		A596B3F12B49A5F100F37489 /* SecondTableViewController.swift */ = {isa = PBXFileReference; lastKnownFileType = sourcecode.swift; path = SecondTableViewController.swift; sourceTree = "<group>"; };
		A596B3F32B49A6C100F37489 /* SecondTableViewCell.swift */ = {isa = PBXFileReference; lastKnownFileType = sourcecode.swift; path = SecondTableViewCell.swift; sourceTree = "<group>"; };
		A596B3F72B49B87100F37489 /* ThirdTableViewController.swift */ = {isa = PBXFileReference; lastKnownFileType = sourcecode.swift; path = ThirdTableViewController.swift; sourceTree = "<group>"; };
		A596B3F92B49B89E00F37489 /* ThirdTableViewCell.swift */ = {isa = PBXFileReference; lastKnownFileType = sourcecode.swift; path = ThirdTableViewCell.swift; sourceTree = "<group>"; };
/* End PBXFileReference section */

/* Begin PBXFrameworksBuildPhase section */
		A596B3D52B49537700F37489 /* Frameworks */ = {
			isa = PBXFrameworksBuildPhase;
			buildActionMask = 2147483647;
			files = (
				A57BAA552B4C4E470007FA1D /* Kingfisher in Frameworks */,
			);
			runOnlyForDeploymentPostprocessing = 0;
		};
/* End PBXFrameworksBuildPhase section */

/* Begin PBXGroup section */
		A596B3CF2B49537700F37489 = {
			isa = PBXGroup;
			children = (
				A596B3DA2B49537700F37489 /* SeSACTableViewController */,
				A596B3D92B49537700F37489 /* Products */,
			);
			sourceTree = "<group>";
		};
		A596B3D92B49537700F37489 /* Products */ = {
			isa = PBXGroup;
			children = (
				A596B3D82B49537700F37489 /* SeSACTableViewController.app */,
			);
			name = Products;
			sourceTree = "<group>";
		};
		A596B3DA2B49537700F37489 /* SeSACTableViewController */ = {
			isa = PBXGroup;
			children = (
				A596B3DB2B49537700F37489 /* AppDelegate.swift */,
				A596B3DD2B49537700F37489 /* SceneDelegate.swift */,
				A596B3DF2B49537700F37489 /* ViewController.swift */,
				A596B3E12B49537700F37489 /* Main.storyboard */,
				A596B3E42B49537900F37489 /* Assets.xcassets */,
				A596B3E62B49537900F37489 /* LaunchScreen.storyboard */,
				A596B3E92B49537900F37489 /* Info.plist */,
				A596B3EF2B49A5DA00F37489 /* FirstTableViewController.swift */,
				A596B3F12B49A5F100F37489 /* SecondTableViewController.swift */,
				A596B3F32B49A6C100F37489 /* SecondTableViewCell.swift */,
				A596B3F72B49B87100F37489 /* ThirdTableViewController.swift */,
				A596B3F92B49B89E00F37489 /* ThirdTableViewCell.swift */,
				A57BAA4F2B4C46C00007FA1D /* TravelMagazineTableViewController.swift */,
				A57BAA512B4C4A860007FA1D /* TravelMagazineTableViewCell.swift */,
			);
			path = SeSACTableViewController;
			sourceTree = "<group>";
		};
/* End PBXGroup section */

/* Begin PBXNativeTarget section */
		A596B3D72B49537700F37489 /* SeSACTableViewController */ = {
			isa = PBXNativeTarget;
			buildConfigurationList = A596B3EC2B49537900F37489 /* Build configuration list for PBXNativeTarget "SeSACTableViewController" */;
			buildPhases = (
				A596B3D42B49537700F37489 /* Sources */,
				A596B3D52B49537700F37489 /* Frameworks */,
				A596B3D62B49537700F37489 /* Resources */,
			);
			buildRules = (
			);
			dependencies = (
			);
			name = SeSACTableViewController;
			packageProductDependencies = (
				A57BAA542B4C4E470007FA1D /* Kingfisher */,
			);
			productName = SeSACTableViewController;
			productReference = A596B3D82B49537700F37489 /* SeSACTableViewController.app */;
			productType = "com.apple.product-type.application";
		};
/* End PBXNativeTarget section */

/* Begin PBXProject section */
		A596B3D02B49537700F37489 /* Project object */ = {
			isa = PBXProject;
			attributes = {
				BuildIndependentTargetsInParallel = 1;
				LastSwiftUpdateCheck = 1510;
				LastUpgradeCheck = 1510;
				TargetAttributes = {
					A596B3D72B49537700F37489 = {
						CreatedOnToolsVersion = 15.1;
					};
				};
			};
			buildConfigurationList = A596B3D32B49537700F37489 /* Build configuration list for PBXProject "SeSACTableViewController" */;
			compatibilityVersion = "Xcode 14.0";
			developmentRegion = en;
			hasScannedForEncodings = 0;
			knownRegions = (
				en,
				Base,
			);
			mainGroup = A596B3CF2B49537700F37489;
			packageReferences = (
				A57BAA532B4C4E470007FA1D /* XCRemoteSwiftPackageReference "Kingfisher" */,
			);
			productRefGroup = A596B3D92B49537700F37489 /* Products */;
			projectDirPath = "";
			projectRoot = "";
			targets = (
				A596B3D72B49537700F37489 /* SeSACTableViewController */,
			);
		};
/* End PBXProject section */

/* Begin PBXResourcesBuildPhase section */
		A596B3D62B49537700F37489 /* Resources */ = {
			isa = PBXResourcesBuildPhase;
			buildActionMask = 2147483647;
			files = (
				A596B3E82B49537900F37489 /* LaunchScreen.storyboard in Resources */,
				A596B3E52B49537900F37489 /* Assets.xcassets in Resources */,
				A596B3E32B49537700F37489 /* Main.storyboard in Resources */,
			);
			runOnlyForDeploymentPostprocessing = 0;
		};
/* End PBXResourcesBuildPhase section */

/* Begin PBXSourcesBuildPhase section */
		A596B3D42B49537700F37489 /* Sources */ = {
			isa = PBXSourcesBuildPhase;
			buildActionMask = 2147483647;
			files = (
				A596B3F02B49A5DA00F37489 /* FirstTableViewController.swift in Sources */,
				A57BAA522B4C4A860007FA1D /* TravelMagazineTableViewCell.swift in Sources */,
				A596B3FA2B49B89E00F37489 /* ThirdTableViewCell.swift in Sources */,
				A57BAA502B4C46C00007FA1D /* TravelMagazineTableViewController.swift in Sources */,
				A596B3F82B49B87100F37489 /* ThirdTableViewController.swift in Sources */,
				A596B3E02B49537700F37489 /* ViewController.swift in Sources */,
				A596B3F22B49A5F100F37489 /* SecondTableViewController.swift in Sources */,
				A596B3DC2B49537700F37489 /* AppDelegate.swift in Sources */,
				A596B3DE2B49537700F37489 /* SceneDelegate.swift in Sources */,
				A596B3F42B49A6C100F37489 /* SecondTableViewCell.swift in Sources */,
			);
			runOnlyForDeploymentPostprocessing = 0;
		};
/* End PBXSourcesBuildPhase section */

/* Begin PBXVariantGroup section */
		A596B3E12B49537700F37489 /* Main.storyboard */ = {
			isa = PBXVariantGroup;
			children = (
				A596B3E22B49537700F37489 /* Base */,
			);
			name = Main.storyboard;
			sourceTree = "<group>";
		};
		A596B3E62B49537900F37489 /* LaunchScreen.storyboard */ = {
			isa = PBXVariantGroup;
			children = (
				A596B3E72B49537900F37489 /* Base */,
			);
			name = LaunchScreen.storyboard;
			sourceTree = "<group>";
		};
/* End PBXVariantGroup section */

/* Begin XCBuildConfiguration section */
		A596B3EA2B49537900F37489 /* Debug */ = {
			isa = XCBuildConfiguration;
			buildSettings = {
				ALWAYS_SEARCH_USER_PATHS = NO;
				ASSETCATALOG_COMPILER_GENERATE_SWIFT_ASSET_SYMBOL_EXTENSIONS = YES;
				CLANG_ANALYZER_NONNULL = YES;
				CLANG_ANALYZER_NUMBER_OBJECT_CONVERSION = YES_AGGRESSIVE;
				CLANG_CXX_LANGUAGE_STANDARD = "gnu++20";
				CLANG_ENABLE_MODULES = YES;
				CLANG_ENABLE_OBJC_ARC = YES;
				CLANG_ENABLE_OBJC_WEAK = YES;
				CLANG_WARN_BLOCK_CAPTURE_AUTORELEASING = YES;
				CLANG_WARN_BOOL_CONVERSION = YES;
				CLANG_WARN_COMMA = YES;
				CLANG_WARN_CONSTANT_CONVERSION = YES;
				CLANG_WARN_DEPRECATED_OBJC_IMPLEMENTATIONS = YES;
				CLANG_WARN_DIRECT_OBJC_ISA_USAGE = YES_ERROR;
				CLANG_WARN_DOCUMENTATION_COMMENTS = YES;
				CLANG_WARN_EMPTY_BODY = YES;
				CLANG_WARN_ENUM_CONVERSION = YES;
				CLANG_WARN_INFINITE_RECURSION = YES;
				CLANG_WARN_INT_CONVERSION = YES;
				CLANG_WARN_NON_LITERAL_NULL_CONVERSION = YES;
				CLANG_WARN_OBJC_IMPLICIT_RETAIN_SELF = YES;
				CLANG_WARN_OBJC_LITERAL_CONVERSION = YES;
				CLANG_WARN_OBJC_ROOT_CLASS = YES_ERROR;
				CLANG_WARN_QUOTED_INCLUDE_IN_FRAMEWORK_HEADER = YES;
				CLANG_WARN_RANGE_LOOP_ANALYSIS = YES;
				CLANG_WARN_STRICT_PROTOTYPES = YES;
				CLANG_WARN_SUSPICIOUS_MOVE = YES;
				CLANG_WARN_UNGUARDED_AVAILABILITY = YES_AGGRESSIVE;
				CLANG_WARN_UNREACHABLE_CODE = YES;
				CLANG_WARN__DUPLICATE_METHOD_MATCH = YES;
				COPY_PHASE_STRIP = NO;
				DEBUG_INFORMATION_FORMAT = dwarf;
				ENABLE_STRICT_OBJC_MSGSEND = YES;
				ENABLE_TESTABILITY = YES;
				ENABLE_USER_SCRIPT_SANDBOXING = YES;
				GCC_C_LANGUAGE_STANDARD = gnu17;
				GCC_DYNAMIC_NO_PIC = NO;
				GCC_NO_COMMON_BLOCKS = YES;
				GCC_OPTIMIZATION_LEVEL = 0;
				GCC_PREPROCESSOR_DEFINITIONS = (
					"DEBUG=1",
					"$(inherited)",
				);
				GCC_WARN_64_TO_32_BIT_CONVERSION = YES;
				GCC_WARN_ABOUT_RETURN_TYPE = YES_ERROR;
				GCC_WARN_UNDECLARED_SELECTOR = YES;
				GCC_WARN_UNINITIALIZED_AUTOS = YES_AGGRESSIVE;
				GCC_WARN_UNUSED_FUNCTION = YES;
				GCC_WARN_UNUSED_VARIABLE = YES;
				IPHONEOS_DEPLOYMENT_TARGET = 17.2;
				LOCALIZATION_PREFERS_STRING_CATALOGS = YES;
				MTL_ENABLE_DEBUG_INFO = INCLUDE_SOURCE;
				MTL_FAST_MATH = YES;
				ONLY_ACTIVE_ARCH = YES;
				SDKROOT = iphoneos;
				SWIFT_ACTIVE_COMPILATION_CONDITIONS = "DEBUG $(inherited)";
				SWIFT_OPTIMIZATION_LEVEL = "-Onone";
			};
			name = Debug;
		};
		A596B3EB2B49537900F37489 /* Release */ = {
			isa = XCBuildConfiguration;
			buildSettings = {
				ALWAYS_SEARCH_USER_PATHS = NO;
				ASSETCATALOG_COMPILER_GENERATE_SWIFT_ASSET_SYMBOL_EXTENSIONS = YES;
				CLANG_ANALYZER_NONNULL = YES;
				CLANG_ANALYZER_NUMBER_OBJECT_CONVERSION = YES_AGGRESSIVE;
				CLANG_CXX_LANGUAGE_STANDARD = "gnu++20";
				CLANG_ENABLE_MODULES = YES;
				CLANG_ENABLE_OBJC_ARC = YES;
				CLANG_ENABLE_OBJC_WEAK = YES;
				CLANG_WARN_BLOCK_CAPTURE_AUTORELEASING = YES;
				CLANG_WARN_BOOL_CONVERSION = YES;
				CLANG_WARN_COMMA = YES;
				CLANG_WARN_CONSTANT_CONVERSION = YES;
				CLANG_WARN_DEPRECATED_OBJC_IMPLEMENTATIONS = YES;
				CLANG_WARN_DIRECT_OBJC_ISA_USAGE = YES_ERROR;
				CLANG_WARN_DOCUMENTATION_COMMENTS = YES;
				CLANG_WARN_EMPTY_BODY = YES;
				CLANG_WARN_ENUM_CONVERSION = YES;
				CLANG_WARN_INFINITE_RECURSION = YES;
				CLANG_WARN_INT_CONVERSION = YES;
				CLANG_WARN_NON_LITERAL_NULL_CONVERSION = YES;
				CLANG_WARN_OBJC_IMPLICIT_RETAIN_SELF = YES;
				CLANG_WARN_OBJC_LITERAL_CONVERSION = YES;
				CLANG_WARN_OBJC_ROOT_CLASS = YES_ERROR;
				CLANG_WARN_QUOTED_INCLUDE_IN_FRAMEWORK_HEADER = YES;
				CLANG_WARN_RANGE_LOOP_ANALYSIS = YES;
				CLANG_WARN_STRICT_PROTOTYPES = YES;
				CLANG_WARN_SUSPICIOUS_MOVE = YES;
				CLANG_WARN_UNGUARDED_AVAILABILITY = YES_AGGRESSIVE;
				CLANG_WARN_UNREACHABLE_CODE = YES;
				CLANG_WARN__DUPLICATE_METHOD_MATCH = YES;
				COPY_PHASE_STRIP = NO;
				DEBUG_INFORMATION_FORMAT = "dwarf-with-dsym";
				ENABLE_NS_ASSERTIONS = NO;
				ENABLE_STRICT_OBJC_MSGSEND = YES;
				ENABLE_USER_SCRIPT_SANDBOXING = YES;
				GCC_C_LANGUAGE_STANDARD = gnu17;
				GCC_NO_COMMON_BLOCKS = YES;
				GCC_WARN_64_TO_32_BIT_CONVERSION = YES;
				GCC_WARN_ABOUT_RETURN_TYPE = YES_ERROR;
				GCC_WARN_UNDECLARED_SELECTOR = YES;
				GCC_WARN_UNINITIALIZED_AUTOS = YES_AGGRESSIVE;
				GCC_WARN_UNUSED_FUNCTION = YES;
				GCC_WARN_UNUSED_VARIABLE = YES;
				IPHONEOS_DEPLOYMENT_TARGET = 17.2;
				LOCALIZATION_PREFERS_STRING_CATALOGS = YES;
				MTL_ENABLE_DEBUG_INFO = NO;
				MTL_FAST_MATH = YES;
				SDKROOT = iphoneos;
				SWIFT_COMPILATION_MODE = wholemodule;
				VALIDATE_PRODUCT = YES;
			};
			name = Release;
		};
		A596B3ED2B49537900F37489 /* Debug */ = {
			isa = XCBuildConfiguration;
			buildSettings = {
				ASSETCATALOG_COMPILER_APPICON_NAME = AppIcon;
				ASSETCATALOG_COMPILER_GLOBAL_ACCENT_COLOR_NAME = AccentColor;
				CODE_SIGN_STYLE = Automatic;
				CURRENT_PROJECT_VERSION = 1;
				DEVELOPMENT_TEAM = VRPU7TR7JK;
				GENERATE_INFOPLIST_FILE = YES;
				INFOPLIST_FILE = SeSACTableViewController/Info.plist;
				INFOPLIST_KEY_UIApplicationSupportsIndirectInputEvents = YES;
				INFOPLIST_KEY_UILaunchStoryboardName = LaunchScreen;
				INFOPLIST_KEY_UIMainStoryboardFile = Main;
				INFOPLIST_KEY_UISupportedInterfaceOrientations = UIInterfaceOrientationPortrait;
				INFOPLIST_KEY_UISupportedInterfaceOrientations_iPad = "UIInterfaceOrientationLandscapeLeft UIInterfaceOrientationLandscapeRight UIInterfaceOrientationPortrait UIInterfaceOrientationPortraitUpsideDown";
				LD_RUNPATH_SEARCH_PATHS = (
					"$(inherited)",
					"@executable_path/Frameworks",
				);
				MARKETING_VERSION = 1.0;
				PRODUCT_BUNDLE_IDENTIFIER = com.ungQ.SeSACTableViewController;
				PRODUCT_NAME = "$(TARGET_NAME)";
				SUPPORTED_PLATFORMS = "iphoneos iphonesimulator";
				SUPPORTS_MACCATALYST = NO;
				SUPPORTS_MAC_DESIGNED_FOR_IPHONE_IPAD = NO;
				SWIFT_EMIT_LOC_STRINGS = YES;
				SWIFT_VERSION = 5.0;
				TARGETED_DEVICE_FAMILY = 1;
			};
			name = Debug;
		};
		A596B3EE2B49537900F37489 /* Release */ = {
			isa = XCBuildConfiguration;
			buildSettings = {
				ASSETCATALOG_COMPILER_APPICON_NAME = AppIcon;
				ASSETCATALOG_COMPILER_GLOBAL_ACCENT_COLOR_NAME = AccentColor;
				CODE_SIGN_STYLE = Automatic;
				CURRENT_PROJECT_VERSION = 1;
				DEVELOPMENT_TEAM = VRPU7TR7JK;
				GENERATE_INFOPLIST_FILE = YES;
				INFOPLIST_FILE = SeSACTableViewController/Info.plist;
				INFOPLIST_KEY_UIApplicationSupportsIndirectInputEvents = YES;
				INFOPLIST_KEY_UILaunchStoryboardName = LaunchScreen;
				INFOPLIST_KEY_UIMainStoryboardFile = Main;
				INFOPLIST_KEY_UISupportedInterfaceOrientations = UIInterfaceOrientationPortrait;
				INFOPLIST_KEY_UISupportedInterfaceOrientations_iPad = "UIInterfaceOrientationLandscapeLeft UIInterfaceOrientationLandscapeRight UIInterfaceOrientationPortrait UIInterfaceOrientationPortraitUpsideDown";
				LD_RUNPATH_SEARCH_PATHS = (
					"$(inherited)",
					"@executable_path/Frameworks",
				);
				MARKETING_VERSION = 1.0;
				PRODUCT_BUNDLE_IDENTIFIER = com.ungQ.SeSACTableViewController;
				PRODUCT_NAME = "$(TARGET_NAME)";
				SUPPORTED_PLATFORMS = "iphoneos iphonesimulator";
				SUPPORTS_MACCATALYST = NO;
				SUPPORTS_MAC_DESIGNED_FOR_IPHONE_IPAD = NO;
				SWIFT_EMIT_LOC_STRINGS = YES;
				SWIFT_VERSION = 5.0;
				TARGETED_DEVICE_FAMILY = 1;
			};
			name = Release;
		};
/* End XCBuildConfiguration section */

/* Begin XCConfigurationList section */
		A596B3D32B49537700F37489 /* Build configuration list for PBXProject "SeSACTableViewController" */ = {
			isa = XCConfigurationList;
			buildConfigurations = (
				A596B3EA2B49537900F37489 /* Debug */,
				A596B3EB2B49537900F37489 /* Release */,
			);
			defaultConfigurationIsVisible = 0;
			defaultConfigurationName = Release;
		};
		A596B3EC2B49537900F37489 /* Build configuration list for PBXNativeTarget "SeSACTableViewController" */ = {
			isa = XCConfigurationList;
			buildConfigurations = (
				A596B3ED2B49537900F37489 /* Debug */,
				A596B3EE2B49537900F37489 /* Release */,
			);
			defaultConfigurationIsVisible = 0;
			defaultConfigurationName = Release;
		};
/* End XCConfigurationList section */

/* Begin XCRemoteSwiftPackageReference section */
		A57BAA532B4C4E470007FA1D /* XCRemoteSwiftPackageReference "Kingfisher" */ = {
			isa = XCRemoteSwiftPackageReference;
			repositoryURL = "https://github.com/onevcat/Kingfisher.git";
			requirement = {
				kind = upToNextMajorVersion;
				minimumVersion = 7.10.1;
			};
		};
/* End XCRemoteSwiftPackageReference section */

/* Begin XCSwiftPackageProductDependency section */
		A57BAA542B4C4E470007FA1D /* Kingfisher */ = {
			isa = XCSwiftPackageProductDependency;
			package = A57BAA532B4C4E470007FA1D /* XCRemoteSwiftPackageReference "Kingfisher" */;
			productName = Kingfisher;
		};
/* End XCSwiftPackageProductDependency section */
	};
	rootObject = A596B3D02B49537700F37489 /* Project object */;
}
